
Microsoft Visual Studio Solution File, Format Version 12.00
# Visual Studio Version 16
VisualStudioVersion = 16.0.30503.244
MinimumVisualStudioVersion = 10.0.40219.1
Project("{FAE04EC0-301F-11D3-BF4B-00C04F79EFBC}") = "ShoppingCart", "ShoppingCart\ShoppingCart.csproj", "{5382436B-BFA4-4669-A836-1C8E21E9FA45}"
EndProject
Project("{FAE04EC0-301F-11D3-BF4B-00C04F79EFBC}") = "ShoppingCartTest", "ShoppingCartTest\ShoppingCartTest.csproj", "{B7C2C6E7-5A0A-45D1-9D6E-3F9B6E4D2CC1}"
EndProject
Global
	GlobalSection(SolutionConfigurationPlatforms) = preSolution
		Debug|Any CPU = Debug|Any CPU
		Release|Any CPU = Release|Any CPU
	EndGlobalSection
	GlobalSection(ProjectConfigurationPlatforms) = postSolution
		{5382436B-BFA4-4669-A836-1C8E21E9FA45}.Debug|Any CPU.ActiveCfg = Debug|Any CPU
		{5382436B-BFA4-4669-A836-1C8E21E9FA45}.Debug|Any CPU.Build.0 = Debug|Any CPU
		{5382436B-BFA4-4669-A836-1C8E21E9FA45}.Release|Any CPU.ActiveCfg = Release|Any CPU
		{5382436B-BFA4-4669-A836-1C8E21E9FA45}.Release|Any CPU.Build.0 = Release|Any CPU
		{B7C2C6E7-5A0A-45D1-9D6E-3F9B6E4D2CC1}.Debug|Any CPU.ActiveCfg = Debug|Any CPU
		{B7C2C6E7-5A0A-45D1-9D6E-3F9B6E4D2CC1}.Debug|Any CPU.Build.0 = Debug|Any CPU
		{B7C2C6E7-5A0A-45D1-9D6E-3F9B6E4D2CC1}.Release|Any CPU.ActiveCfg = Release|Any CPU
		{B7C2C6E7-5A0A-45D1-9D6E-3F9B6E4D2CC1}.Release|Any CPU.Build.0 = Release|Any CPU
	EndGlobalSection
	GlobalSection(SolutionProperties) = preSolution
		HideSolutionNode = FALSE
	EndGlobalSection
	GlobalSection(ExtensibilityGlobals) = postSolution
		SolutionGuid = {27375B82-A019-4EDD-A319-2D6D62E016D0}
	EndGlobalSection
EndGlobal
